
Microsoft Visual Studio Solution File, Format Version 12.00
# Visual Studio Version 16
VisualStudioVersion = 16.0.28803.352
MinimumVisualStudioVersion = 10.0.40219.1
Project("{9A19103F-16F7-4668-BE54-9A1E7A4F7556}") = "Smart.Parser.Lib", "lib\Smart.Parser.Lib.csproj", "{76B50097-280E-484F-9F16-00E8785F53BA}"
EndProject
Project("{9A19103F-16F7-4668-BE54-9A1E7A4F7556}") = "ParserCommon", "ParserCommon\ParserCommon.csproj", "{27713A38-4B6B-46DB-A227-52AEBB8B70A0}"
EndProject
Project("{9A19103F-16F7-4668-BE54-9A1E7A4F7556}") = "JsonSerialization", "JsonSerialization\JsonSerialization.csproj", "{5EEB1309-878A-4F4D-95DF-974EC6CA52EC}"
EndProject
Project("{9A19103F-16F7-4668-BE54-9A1E7A4F7556}") = "DeclaratorApiClient", "DeclaratorApiClient\DeclaratorApiClient.csproj", "{7A4CBC39-0D61-4C97-A1B6-B7E621C16A67}"
EndProject
Project("{9A19103F-16F7-4668-BE54-9A1E7A4F7556}") = "Smart.Parser", "src\Smart.Parser.csproj", "{DE68DF61-B7F1-492B-9193-78E0D0F42522}"
EndProject
Project("{9A19103F-16F7-4668-BE54-9A1E7A4F7556}") = "Test", "test\Test.csproj", "{41515D53-4D5A-4A81-BCFE-30EB699302DC}"
EndProject
Project("{9A19103F-16F7-4668-BE54-9A1E7A4F7556}") = "RegressionTesting", "RegressionTesting\RegressionTesting.csproj", "{41BA21A4-58BA-472B-9AED-C938EAFD1879}"
EndProject
Project("{9A19103F-16F7-4668-BE54-9A1E7A4F7556}") = "Office2Txt", "tools\Office2Txt\Office2Txt.csproj", "{FE82CDC1-CF67-4E79-971E-B769F17E0A3A}"
EndProject
Project("{2150E333-8FDC-42A3-9474-1A3956D46DE8}") = "tools", "tools", "{AE6A86FF-4DF6-4491-B4ED-7D229B3EFAD8}"
EndProject
Project("{9A19103F-16F7-4668-BE54-9A1E7A4F7556}") = "EP.Sdk.Core", "EP.SdkCore\EP.Sdk.Core.csproj", "{6B9AC4CF-8932-429D-B431-FF41F2A5CCBE}"
EndProject
Project("{9A19103F-16F7-4668-BE54-9A1E7A4F7556}") = "BuildAntlr", "Antlr\BuildAntlr.csproj", "{93B1A504-38C4-4CC4-AC5A-84F3E0B4E536}"
EndProject
Global
	GlobalSection(SolutionConfigurationPlatforms) = preSolution
		Debug|Any CPU = Debug|Any CPU
		Release|Any CPU = Release|Any CPU
	EndGlobalSection
	GlobalSection(ProjectConfigurationPlatforms) = postSolution
		{76B50097-280E-484F-9F16-00E8785F53BA}.Debug|Any CPU.ActiveCfg = Debug|Any CPU
		{76B50097-280E-484F-9F16-00E8785F53BA}.Debug|Any CPU.Build.0 = Debug|Any CPU
		{76B50097-280E-484F-9F16-00E8785F53BA}.Release|Any CPU.ActiveCfg = Release|Any CPU
		{76B50097-280E-484F-9F16-00E8785F53BA}.Release|Any CPU.Build.0 = Release|Any CPU
		{27713A38-4B6B-46DB-A227-52AEBB8B70A0}.Debug|Any CPU.ActiveCfg = Debug|Any CPU
		{27713A38-4B6B-46DB-A227-52AEBB8B70A0}.Debug|Any CPU.Build.0 = Debug|Any CPU
		{27713A38-4B6B-46DB-A227-52AEBB8B70A0}.Release|Any CPU.ActiveCfg = Release|Any CPU
		{27713A38-4B6B-46DB-A227-52AEBB8B70A0}.Release|Any CPU.Build.0 = Release|Any CPU
		{5EEB1309-878A-4F4D-95DF-974EC6CA52EC}.Debug|Any CPU.ActiveCfg = Debug|Any CPU
		{5EEB1309-878A-4F4D-95DF-974EC6CA52EC}.Debug|Any CPU.Build.0 = Debug|Any CPU
		{5EEB1309-878A-4F4D-95DF-974EC6CA52EC}.Release|Any CPU.ActiveCfg = Release|Any CPU
		{5EEB1309-878A-4F4D-95DF-974EC6CA52EC}.Release|Any CPU.Build.0 = Release|Any CPU
		{7A4CBC39-0D61-4C97-A1B6-B7E621C16A67}.Debug|Any CPU.ActiveCfg = Debug|Any CPU
		{7A4CBC39-0D61-4C97-A1B6-B7E621C16A67}.Debug|Any CPU.Build.0 = Debug|Any CPU
		{7A4CBC39-0D61-4C97-A1B6-B7E621C16A67}.Release|Any CPU.ActiveCfg = Release|Any CPU
		{7A4CBC39-0D61-4C97-A1B6-B7E621C16A67}.Release|Any CPU.Build.0 = Release|Any CPU
		{DE68DF61-B7F1-492B-9193-78E0D0F42522}.Debug|Any CPU.ActiveCfg = Debug|Any CPU
		{DE68DF61-B7F1-492B-9193-78E0D0F42522}.Debug|Any CPU.Build.0 = Debug|Any CPU
		{DE68DF61-B7F1-492B-9193-78E0D0F42522}.Release|Any CPU.ActiveCfg = Release|Any CPU
		{DE68DF61-B7F1-492B-9193-78E0D0F42522}.Release|Any CPU.Build.0 = Release|Any CPU
		{41515D53-4D5A-4A81-BCFE-30EB699302DC}.Debug|Any CPU.ActiveCfg = Debug|Any CPU
		{41515D53-4D5A-4A81-BCFE-30EB699302DC}.Debug|Any CPU.Build.0 = Debug|Any CPU
		{41515D53-4D5A-4A81-BCFE-30EB699302DC}.Release|Any CPU.ActiveCfg = Release|Any CPU
		{41515D53-4D5A-4A81-BCFE-30EB699302DC}.Release|Any CPU.Build.0 = Release|Any CPU
		{41BA21A4-58BA-472B-9AED-C938EAFD1879}.Debug|Any CPU.ActiveCfg = Debug|Any CPU
		{41BA21A4-58BA-472B-9AED-C938EAFD1879}.Debug|Any CPU.Build.0 = Debug|Any CPU
		{41BA21A4-58BA-472B-9AED-C938EAFD1879}.Release|Any CPU.ActiveCfg = Release|Any CPU
		{41BA21A4-58BA-472B-9AED-C938EAFD1879}.Release|Any CPU.Build.0 = Release|Any CPU
		{FE82CDC1-CF67-4E79-971E-B769F17E0A3A}.Debug|Any CPU.ActiveCfg = Debug|Any CPU
		{FE82CDC1-CF67-4E79-971E-B769F17E0A3A}.Debug|Any CPU.Build.0 = Debug|Any CPU
		{FE82CDC1-CF67-4E79-971E-B769F17E0A3A}.Release|Any CPU.ActiveCfg = Release|Any CPU
		{FE82CDC1-CF67-4E79-971E-B769F17E0A3A}.Release|Any CPU.Build.0 = Release|Any CPU
		{6B9AC4CF-8932-429D-B431-FF41F2A5CCBE}.Debug|Any CPU.ActiveCfg = Debug|Any CPU
		{6B9AC4CF-8932-429D-B431-FF41F2A5CCBE}.Debug|Any CPU.Build.0 = Debug|Any CPU
		{6B9AC4CF-8932-429D-B431-FF41F2A5CCBE}.Release|Any CPU.ActiveCfg = Release|Any CPU
		{6B9AC4CF-8932-429D-B431-FF41F2A5CCBE}.Release|Any CPU.Build.0 = Release|Any CPU
		{93B1A504-38C4-4CC4-AC5A-84F3E0B4E536}.Debug|Any CPU.ActiveCfg = Debug|Any CPU
		{93B1A504-38C4-4CC4-AC5A-84F3E0B4E536}.Debug|Any CPU.Build.0 = Debug|Any CPU
		{93B1A504-38C4-4CC4-AC5A-84F3E0B4E536}.Release|Any CPU.ActiveCfg = Release|Any CPU
		{93B1A504-38C4-4CC4-AC5A-84F3E0B4E536}.Release|Any CPU.Build.0 = Release|Any CPU
	EndGlobalSection
	GlobalSection(SolutionProperties) = preSolution
		HideSolutionNode = FALSE
	EndGlobalSection
	GlobalSection(NestedProjects) = preSolution
		{FE82CDC1-CF67-4E79-971E-B769F17E0A3A} = {AE6A86FF-4DF6-4491-B4ED-7D229B3EFAD8}
	EndGlobalSection
	GlobalSection(ExtensibilityGlobals) = postSolution
		SolutionGuid = {BD2A9583-38EC-41A7-9E73-34858556C2B6}
	EndGlobalSection
	GlobalSection(Performance) = preSolution
		HasPerformanceSessions = true
	EndGlobalSection
EndGlobal
