
Microsoft Visual Studio Solution File, Format Version 12.00
# Visual Studio Version 16
VisualStudioVersion = 16.0.29519.181
MinimumVisualStudioVersion = 10.0.40219.1
Project("{FAE04EC0-301F-11D3-BF4B-00C04F79EFBC}") = "MicrosoftPdf2Docx", "MicrosoftPdf2Docx.csproj", "{329F5E89-B89B-4182-9197-61692B4026BC}"
EndProject
Global
	GlobalSection(SolutionConfigurationPlatforms) = preSolution
		Debug|Any CPU = Debug|Any CPU
		Release|Any CPU = Release|Any CPU
	EndGlobalSection
	GlobalSection(ProjectConfigurationPlatforms) = postSolution
		{329F5E89-B89B-4182-9197-61692B4026BC}.Debug|Any CPU.ActiveCfg = Debug|Any CPU
		{329F5E89-B89B-4182-9197-61692B4026BC}.Debug|Any CPU.Build.0 = Debug|Any CPU
		{329F5E89-B89B-4182-9197-61692B4026BC}.Release|Any CPU.ActiveCfg = Release|Any CPU
		{329F5E89-B89B-4182-9197-61692B4026BC}.Release|Any CPU.Build.0 = Release|Any CPU
	EndGlobalSection
	GlobalSection(SolutionProperties) = preSolution
		HideSolutionNode = FALSE
	EndGlobalSection
	GlobalSection(ExtensibilityGlobals) = postSolution
		SolutionGuid = {1F5F11BB-99B5-4FFC-A7D6-41DEE8FC9601}
	EndGlobalSection
EndGlobal
